{
  "version": "v1",
  "packages": {
    "awdware-core": {
      "signature": "648e078daa8a88441181cd30c48efdba",
      "file": true
    },
    "awdware-shared": {
      "signature": "cafb206041c171d27b833fa594ca09bd",
      "file": true
    },
    "awdware-games": {
      "signature": "e6877f739c733143e0f685ba99413062",
      "file": true
    }
  }
}