
Microsoft Visual Studio Solution File, Format Version 12.00
# Visual Studio Version 16
VisualStudioVersion = 16.0.29324.140
MinimumVisualStudioVersion = 10.0.40219.1
Project("{9A19103F-16F7-4668-BE54-9A1E7A4F7556}") = "Awdware.Host", "..\Src\Awdware.Host\Awdware.Host\Awdware.Host.csproj", "{80574927-2D08-43CA-8DA1-E64ECF3E54ED}"
EndProject
Project("{9A19103F-16F7-4668-BE54-9A1E7A4F7556}") = "Awdware.Games.Business.Facade", "..\Src\Awdware.Games\Awdware.Games.Business.Facade\Awdware.Games.Business.Facade.csproj", "{275C007C-BA08-4BEA-A42B-F98CFD653D9E}"
EndProject
Project("{9A19103F-16F7-4668-BE54-9A1E7A4F7556}") = "Awdware.Games.Business.Implementation", "..\Src\Awdware.Games\Awdware.Games.Business.Implementation\Awdware.Games.Business.Implementation.csproj", "{B9E240ED-6E0E-4F16-937A-4496DFDE4682}"
EndProject
Project("{9A19103F-16F7-4668-BE54-9A1E7A4F7556}") = "Awdware.Games.Facade", "..\Src\Awdware.Games\Awdware.Games.Facade\Awdware.Games.Facade.csproj", "{56976592-E8AB-47B6-9047-682B3D5EB843}"
EndProject
Project("{9A19103F-16F7-4668-BE54-9A1E7A4F7556}") = "Awdware.Games.Facade.Utils", "..\Src\Awdware.Games\Awdware.Games.Facade.Utils\Awdware.Games.Facade.Utils.csproj", "{35CE6BE1-522E-4854-A514-AE32375DFFC3}"
EndProject
Project("{9A19103F-16F7-4668-BE54-9A1E7A4F7556}") = "Awdware.Games.UnitTests", "..\Src\Awdware.Games\Awdware.Games.UnitTests\Awdware.Games.UnitTests.csproj", "{29986127-5B1F-4613-8538-E7C26CC0DC4C}"
EndProject
Project("{9A19103F-16F7-4668-BE54-9A1E7A4F7556}") = "Awdware.Core.Business.Facade", "..\Src\Awdware.Core\Awdware.Core.Business.Facade\Awdware.Core.Business.Facade.csproj", "{DA9A33C6-80BA-4F72-B94B-7F37DE71D63D}"
EndProject
Project("{9A19103F-16F7-4668-BE54-9A1E7A4F7556}") = "Awdware.Core.Business.Implementation", "..\Src\Awdware.Core\Awdware.Core.Business.Implementation\Awdware.Core.Business.Implementation.csproj", "{08908D1E-5503-4EFE-8DAC-65A60FB3A87C}"
EndProject
Project("{9A19103F-16F7-4668-BE54-9A1E7A4F7556}") = "Awdware.Core.Business.Utils", "..\Src\Awdware.Core\Awdware.Core.Business.Utils\Awdware.Core.Business.Utils.csproj", "{70FAC72D-CF51-43B3-A5C2-1F85E707973C}"
EndProject
Project("{9A19103F-16F7-4668-BE54-9A1E7A4F7556}") = "Awdware.Core.Data.Implementation", "..\Src\Awdware.Core\Awdware.Core.Data.Implementation\Awdware.Core.Data.Implementation.csproj", "{F91A9E2E-8668-4560-92CF-73EE96541925}"
EndProject
Project("{9A19103F-16F7-4668-BE54-9A1E7A4F7556}") = "Awdware.Core.Data.Facade", "..\Src\Awdware.Core\Awdware.Core.Data.Facade\Awdware.Core.Data.Facade.csproj", "{21AEB70F-84FA-4B0E-82D0-C4DCF32D3251}"
EndProject
Project("{9A19103F-16F7-4668-BE54-9A1E7A4F7556}") = "Awdware.Core.Facade", "..\Src\Awdware.Core\Awdware.Core.Facade\Awdware.Core.Facade.csproj", "{64C1BEF6-A75B-4BB4-97B3-AD506D1287E0}"
EndProject
Project("{9A19103F-16F7-4668-BE54-9A1E7A4F7556}") = "Awdware.Core.Infrastructure", "..\Src\Awdware.Core\Awdware.Core.Infrastructure\Awdware.Core.Infrastructure.csproj", "{293B76AA-1A18-421C-A4C7-D43B58C8E40C}"
EndProject
Project("{9A19103F-16F7-4668-BE54-9A1E7A4F7556}") = "Awdware.Core.Test.UnitTest", "..\Src\Awdware.Core\Awdware.Core.Test.UnitTest\Awdware.Core.Test.UnitTest.csproj", "{F8ECAE46-F4D8-4AEA-8478-5965E44B792B}"
EndProject
Project("{9A19103F-16F7-4668-BE54-9A1E7A4F7556}") = "Awdware.Led.Business.Facade", "..\Src\Awdware.Led\Awdware.Led\Awdware.Led.Business.Facade\Awdware.Led.Business.Facade.csproj", "{B61B2254-7401-46A8-8C2B-C5D6C958A49F}"
EndProject
Project("{9A19103F-16F7-4668-BE54-9A1E7A4F7556}") = "Awdware.Led.Business.Implementation", "..\Src\Awdware.Led\Awdware.Led\Awdware.Led.Business.Implementation\Awdware.Led.Business.Implementation.csproj", "{851D0400-DB91-4CE2-9211-C272038A265D}"
EndProject
Project("{9A19103F-16F7-4668-BE54-9A1E7A4F7556}") = "Awdware.Led.Data.Facade", "..\Src\Awdware.Led\Awdware.Led\Awdware.Led.Data.Facade\Awdware.Led.Data.Facade.csproj", "{6AE07CA0-9A4E-409C-A626-3F6499EC9640}"
EndProject
Project("{9A19103F-16F7-4668-BE54-9A1E7A4F7556}") = "Awdware.Led.Data.Implementation", "..\Src\Awdware.Led\Awdware.Led\Awdware.Led.Data.Implementation\Awdware.Led.Data.Implementation.csproj", "{DACD3FAD-F0AE-4748-848F-6BC069D19F51}"
EndProject
Project("{9A19103F-16F7-4668-BE54-9A1E7A4F7556}") = "Awdware.Led.Facade", "..\Src\Awdware.Led\Awdware.Led\Awdware.Led.Facade\Awdware.Led.Facade.csproj", "{AD8F282D-016F-4FF3-9E34-92A9B39E6F15}"
EndProject
Project("{9A19103F-16F7-4668-BE54-9A1E7A4F7556}") = "Awdware.Blog.Business.Facade", "..\Src\Awdware.Blog\Awdware.Blog.Business.Facade\Awdware.Blog.Business.Facade.csproj", "{1DCD5281-9547-4266-989B-C990F52EE4B5}"
EndProject
Project("{9A19103F-16F7-4668-BE54-9A1E7A4F7556}") = "Awdware.Blog.Business.Implementation", "..\Src\Awdware.Blog\Awdware.Blog.Business.Implementation\Awdware.Blog.Business.Implementation.csproj", "{11561C01-B44C-4E6D-ADB1-C02795DE3126}"
EndProject
Project("{9A19103F-16F7-4668-BE54-9A1E7A4F7556}") = "Awdware.Blog.Data.Facade", "..\Src\Awdware.Blog\Awdware.Blog.Data.Facade\Awdware.Blog.Data.Facade.csproj", "{2449EB87-1055-424A-8626-0C16EED86707}"
EndProject
Project("{9A19103F-16F7-4668-BE54-9A1E7A4F7556}") = "Awdware.Blog.Data.Implementation", "..\Src\Awdware.Blog\Awdware.Blog.Data.Implementation\Awdware.Blog.Data.Implementation.csproj", "{1010D6C1-6413-4355-9067-F0ECAA44CA1B}"
EndProject
Project("{9A19103F-16F7-4668-BE54-9A1E7A4F7556}") = "Awdware.Blog.Facade", "..\Src\Awdware.Blog\Awdware.Blog.Facade\Awdware.Blog.Facade.csproj", "{B6B99017-311D-4DFA-B754-0348CD9B1D18}"
EndProject
Project("{9A19103F-16F7-4668-BE54-9A1E7A4F7556}") = "Awdware.Blog.UnitTests", "..\Src\Awdware.Blog\Awdware.Blog.UnitTests\Awdware.Blog.UnitTests.csproj", "{A93838BA-5151-4F4F-AD84-9D4EE7398AAF}"
EndProject
Project("{9A19103F-16F7-4668-BE54-9A1E7A4F7556}") = "Awdware.Led.Client", "..\Src\Awdware.Led\Awdware.Led\Awdware.Led.Client\Awdware.Led.Client.csproj", "{6A221B4C-EC66-41D7-93B5-62BCBE7338A9}"
EndProject
Global
	GlobalSection(SolutionConfigurationPlatforms) = preSolution
		Debug|Any CPU = Debug|Any CPU
		Release|Any CPU = Release|Any CPU
	EndGlobalSection
	GlobalSection(ProjectConfigurationPlatforms) = postSolution
		{80574927-2D08-43CA-8DA1-E64ECF3E54ED}.Debug|Any CPU.ActiveCfg = Debug|Any CPU
		{80574927-2D08-43CA-8DA1-E64ECF3E54ED}.Debug|Any CPU.Build.0 = Debug|Any CPU
		{80574927-2D08-43CA-8DA1-E64ECF3E54ED}.Release|Any CPU.ActiveCfg = Release|Any CPU
		{80574927-2D08-43CA-8DA1-E64ECF3E54ED}.Release|Any CPU.Build.0 = Release|Any CPU
		{275C007C-BA08-4BEA-A42B-F98CFD653D9E}.Debug|Any CPU.ActiveCfg = Debug|Any CPU
		{275C007C-BA08-4BEA-A42B-F98CFD653D9E}.Debug|Any CPU.Build.0 = Debug|Any CPU
		{275C007C-BA08-4BEA-A42B-F98CFD653D9E}.Release|Any CPU.ActiveCfg = Release|Any CPU
		{275C007C-BA08-4BEA-A42B-F98CFD653D9E}.Release|Any CPU.Build.0 = Release|Any CPU
		{B9E240ED-6E0E-4F16-937A-4496DFDE4682}.Debug|Any CPU.ActiveCfg = Debug|Any CPU
		{B9E240ED-6E0E-4F16-937A-4496DFDE4682}.Debug|Any CPU.Build.0 = Debug|Any CPU
		{B9E240ED-6E0E-4F16-937A-4496DFDE4682}.Release|Any CPU.ActiveCfg = Release|Any CPU
		{B9E240ED-6E0E-4F16-937A-4496DFDE4682}.Release|Any CPU.Build.0 = Release|Any CPU
		{56976592-E8AB-47B6-9047-682B3D5EB843}.Debug|Any CPU.ActiveCfg = Debug|Any CPU
		{56976592-E8AB-47B6-9047-682B3D5EB843}.Debug|Any CPU.Build.0 = Debug|Any CPU
		{56976592-E8AB-47B6-9047-682B3D5EB843}.Release|Any CPU.ActiveCfg = Release|Any CPU
		{56976592-E8AB-47B6-9047-682B3D5EB843}.Release|Any CPU.Build.0 = Release|Any CPU
		{35CE6BE1-522E-4854-A514-AE32375DFFC3}.Debug|Any CPU.ActiveCfg = Debug|Any CPU
		{35CE6BE1-522E-4854-A514-AE32375DFFC3}.Debug|Any CPU.Build.0 = Debug|Any CPU
		{35CE6BE1-522E-4854-A514-AE32375DFFC3}.Release|Any CPU.ActiveCfg = Release|Any CPU
		{35CE6BE1-522E-4854-A514-AE32375DFFC3}.Release|Any CPU.Build.0 = Release|Any CPU
		{29986127-5B1F-4613-8538-E7C26CC0DC4C}.Debug|Any CPU.ActiveCfg = Debug|Any CPU
		{29986127-5B1F-4613-8538-E7C26CC0DC4C}.Debug|Any CPU.Build.0 = Debug|Any CPU
		{29986127-5B1F-4613-8538-E7C26CC0DC4C}.Release|Any CPU.ActiveCfg = Release|Any CPU
		{29986127-5B1F-4613-8538-E7C26CC0DC4C}.Release|Any CPU.Build.0 = Release|Any CPU
		{DA9A33C6-80BA-4F72-B94B-7F37DE71D63D}.Debug|Any CPU.ActiveCfg = Debug|Any CPU
		{DA9A33C6-80BA-4F72-B94B-7F37DE71D63D}.Debug|Any CPU.Build.0 = Debug|Any CPU
		{DA9A33C6-80BA-4F72-B94B-7F37DE71D63D}.Release|Any CPU.ActiveCfg = Release|Any CPU
		{DA9A33C6-80BA-4F72-B94B-7F37DE71D63D}.Release|Any CPU.Build.0 = Release|Any CPU
		{08908D1E-5503-4EFE-8DAC-65A60FB3A87C}.Debug|Any CPU.ActiveCfg = Debug|Any CPU
		{08908D1E-5503-4EFE-8DAC-65A60FB3A87C}.Debug|Any CPU.Build.0 = Debug|Any CPU
		{08908D1E-5503-4EFE-8DAC-65A60FB3A87C}.Release|Any CPU.ActiveCfg = Release|Any CPU
		{08908D1E-5503-4EFE-8DAC-65A60FB3A87C}.Release|Any CPU.Build.0 = Release|Any CPU
		{70FAC72D-CF51-43B3-A5C2-1F85E707973C}.Debug|Any CPU.ActiveCfg = Debug|Any CPU
		{70FAC72D-CF51-43B3-A5C2-1F85E707973C}.Debug|Any CPU.Build.0 = Debug|Any CPU
		{70FAC72D-CF51-43B3-A5C2-1F85E707973C}.Release|Any CPU.ActiveCfg = Release|Any CPU
		{70FAC72D-CF51-43B3-A5C2-1F85E707973C}.Release|Any CPU.Build.0 = Release|Any CPU
		{F91A9E2E-8668-4560-92CF-73EE96541925}.Debug|Any CPU.ActiveCfg = Debug|Any CPU
		{F91A9E2E-8668-4560-92CF-73EE96541925}.Debug|Any CPU.Build.0 = Debug|Any CPU
		{F91A9E2E-8668-4560-92CF-73EE96541925}.Release|Any CPU.ActiveCfg = Release|Any CPU
		{F91A9E2E-8668-4560-92CF-73EE96541925}.Release|Any CPU.Build.0 = Release|Any CPU
		{21AEB70F-84FA-4B0E-82D0-C4DCF32D3251}.Debug|Any CPU.ActiveCfg = Debug|Any CPU
		{21AEB70F-84FA-4B0E-82D0-C4DCF32D3251}.Debug|Any CPU.Build.0 = Debug|Any CPU
		{21AEB70F-84FA-4B0E-82D0-C4DCF32D3251}.Release|Any CPU.ActiveCfg = Release|Any CPU
		{21AEB70F-84FA-4B0E-82D0-C4DCF32D3251}.Release|Any CPU.Build.0 = Release|Any CPU
		{64C1BEF6-A75B-4BB4-97B3-AD506D1287E0}.Debug|Any CPU.ActiveCfg = Debug|Any CPU
		{64C1BEF6-A75B-4BB4-97B3-AD506D1287E0}.Debug|Any CPU.Build.0 = Debug|Any CPU
		{64C1BEF6-A75B-4BB4-97B3-AD506D1287E0}.Release|Any CPU.ActiveCfg = Release|Any CPU
		{64C1BEF6-A75B-4BB4-97B3-AD506D1287E0}.Release|Any CPU.Build.0 = Release|Any CPU
		{293B76AA-1A18-421C-A4C7-D43B58C8E40C}.Debug|Any CPU.ActiveCfg = Debug|Any CPU
		{293B76AA-1A18-421C-A4C7-D43B58C8E40C}.Debug|Any CPU.Build.0 = Debug|Any CPU
		{293B76AA-1A18-421C-A4C7-D43B58C8E40C}.Release|Any CPU.ActiveCfg = Release|Any CPU
		{293B76AA-1A18-421C-A4C7-D43B58C8E40C}.Release|Any CPU.Build.0 = Release|Any CPU
		{F8ECAE46-F4D8-4AEA-8478-5965E44B792B}.Debug|Any CPU.ActiveCfg = Debug|Any CPU
		{F8ECAE46-F4D8-4AEA-8478-5965E44B792B}.Debug|Any CPU.Build.0 = Debug|Any CPU
		{F8ECAE46-F4D8-4AEA-8478-5965E44B792B}.Release|Any CPU.ActiveCfg = Release|Any CPU
		{F8ECAE46-F4D8-4AEA-8478-5965E44B792B}.Release|Any CPU.Build.0 = Release|Any CPU
		{B61B2254-7401-46A8-8C2B-C5D6C958A49F}.Debug|Any CPU.ActiveCfg = Debug|Any CPU
		{B61B2254-7401-46A8-8C2B-C5D6C958A49F}.Debug|Any CPU.Build.0 = Debug|Any CPU
		{B61B2254-7401-46A8-8C2B-C5D6C958A49F}.Release|Any CPU.ActiveCfg = Release|Any CPU
		{B61B2254-7401-46A8-8C2B-C5D6C958A49F}.Release|Any CPU.Build.0 = Release|Any CPU
		{851D0400-DB91-4CE2-9211-C272038A265D}.Debug|Any CPU.ActiveCfg = Debug|Any CPU
		{851D0400-DB91-4CE2-9211-C272038A265D}.Debug|Any CPU.Build.0 = Debug|Any CPU
		{851D0400-DB91-4CE2-9211-C272038A265D}.Release|Any CPU.ActiveCfg = Release|Any CPU
		{851D0400-DB91-4CE2-9211-C272038A265D}.Release|Any CPU.Build.0 = Release|Any CPU
		{6AE07CA0-9A4E-409C-A626-3F6499EC9640}.Debug|Any CPU.ActiveCfg = Debug|Any CPU
		{6AE07CA0-9A4E-409C-A626-3F6499EC9640}.Debug|Any CPU.Build.0 = Debug|Any CPU
		{6AE07CA0-9A4E-409C-A626-3F6499EC9640}.Release|Any CPU.ActiveCfg = Release|Any CPU
		{6AE07CA0-9A4E-409C-A626-3F6499EC9640}.Release|Any CPU.Build.0 = Release|Any CPU
		{DACD3FAD-F0AE-4748-848F-6BC069D19F51}.Debug|Any CPU.ActiveCfg = Debug|Any CPU
		{DACD3FAD-F0AE-4748-848F-6BC069D19F51}.Debug|Any CPU.Build.0 = Debug|Any CPU
		{DACD3FAD-F0AE-4748-848F-6BC069D19F51}.Release|Any CPU.ActiveCfg = Release|Any CPU
		{DACD3FAD-F0AE-4748-848F-6BC069D19F51}.Release|Any CPU.Build.0 = Release|Any CPU
		{AD8F282D-016F-4FF3-9E34-92A9B39E6F15}.Debug|Any CPU.ActiveCfg = Debug|Any CPU
		{AD8F282D-016F-4FF3-9E34-92A9B39E6F15}.Debug|Any CPU.Build.0 = Debug|Any CPU
		{AD8F282D-016F-4FF3-9E34-92A9B39E6F15}.Release|Any CPU.ActiveCfg = Release|Any CPU
		{AD8F282D-016F-4FF3-9E34-92A9B39E6F15}.Release|Any CPU.Build.0 = Release|Any CPU
		{1DCD5281-9547-4266-989B-C990F52EE4B5}.Debug|Any CPU.ActiveCfg = Debug|Any CPU
		{1DCD5281-9547-4266-989B-C990F52EE4B5}.Debug|Any CPU.Build.0 = Debug|Any CPU
		{1DCD5281-9547-4266-989B-C990F52EE4B5}.Release|Any CPU.ActiveCfg = Release|Any CPU
		{1DCD5281-9547-4266-989B-C990F52EE4B5}.Release|Any CPU.Build.0 = Release|Any CPU
		{11561C01-B44C-4E6D-ADB1-C02795DE3126}.Debug|Any CPU.ActiveCfg = Debug|Any CPU
		{11561C01-B44C-4E6D-ADB1-C02795DE3126}.Debug|Any CPU.Build.0 = Debug|Any CPU
		{11561C01-B44C-4E6D-ADB1-C02795DE3126}.Release|Any CPU.ActiveCfg = Release|Any CPU
		{11561C01-B44C-4E6D-ADB1-C02795DE3126}.Release|Any CPU.Build.0 = Release|Any CPU
		{2449EB87-1055-424A-8626-0C16EED86707}.Debug|Any CPU.ActiveCfg = Debug|Any CPU
		{2449EB87-1055-424A-8626-0C16EED86707}.Debug|Any CPU.Build.0 = Debug|Any CPU
		{2449EB87-1055-424A-8626-0C16EED86707}.Release|Any CPU.ActiveCfg = Release|Any CPU
		{2449EB87-1055-424A-8626-0C16EED86707}.Release|Any CPU.Build.0 = Release|Any CPU
		{1010D6C1-6413-4355-9067-F0ECAA44CA1B}.Debug|Any CPU.ActiveCfg = Debug|Any CPU
		{1010D6C1-6413-4355-9067-F0ECAA44CA1B}.Debug|Any CPU.Build.0 = Debug|Any CPU
		{1010D6C1-6413-4355-9067-F0ECAA44CA1B}.Release|Any CPU.ActiveCfg = Release|Any CPU
		{1010D6C1-6413-4355-9067-F0ECAA44CA1B}.Release|Any CPU.Build.0 = Release|Any CPU
		{B6B99017-311D-4DFA-B754-0348CD9B1D18}.Debug|Any CPU.ActiveCfg = Debug|Any CPU
		{B6B99017-311D-4DFA-B754-0348CD9B1D18}.Debug|Any CPU.Build.0 = Debug|Any CPU
		{B6B99017-311D-4DFA-B754-0348CD9B1D18}.Release|Any CPU.ActiveCfg = Release|Any CPU
		{B6B99017-311D-4DFA-B754-0348CD9B1D18}.Release|Any CPU.Build.0 = Release|Any CPU
		{A93838BA-5151-4F4F-AD84-9D4EE7398AAF}.Debug|Any CPU.ActiveCfg = Debug|Any CPU
		{A93838BA-5151-4F4F-AD84-9D4EE7398AAF}.Debug|Any CPU.Build.0 = Debug|Any CPU
		{A93838BA-5151-4F4F-AD84-9D4EE7398AAF}.Release|Any CPU.ActiveCfg = Release|Any CPU
		{A93838BA-5151-4F4F-AD84-9D4EE7398AAF}.Release|Any CPU.Build.0 = Release|Any CPU
		{6A221B4C-EC66-41D7-93B5-62BCBE7338A9}.Debug|Any CPU.ActiveCfg = Debug|Any CPU
		{6A221B4C-EC66-41D7-93B5-62BCBE7338A9}.Debug|Any CPU.Build.0 = Debug|Any CPU
		{6A221B4C-EC66-41D7-93B5-62BCBE7338A9}.Release|Any CPU.ActiveCfg = Release|Any CPU
		{6A221B4C-EC66-41D7-93B5-62BCBE7338A9}.Release|Any CPU.Build.0 = Release|Any CPU
	EndGlobalSection
	GlobalSection(SolutionProperties) = preSolution
		HideSolutionNode = FALSE
	EndGlobalSection
	GlobalSection(ExtensibilityGlobals) = postSolution
		SolutionGuid = {EBBD6185-192A-452F-8C26-8B9RD0B98F82}
	EndGlobalSection
EndGlobal
