
Microsoft Visual Studio Solution File, Format Version 12.00
# Visual Studio Version 16
VisualStudioVersion = 16.0.29324.140
MinimumVisualStudioVersion = 10.0.40219.1
Project("{9A19103F-16F7-4668-BE54-9A1E7A4F7556}") = "Awdware.Led.Facade", "Awdware.Led.Facade\Awdware.Led.Facade.csproj", "{AD8F282D-016F-4FF3-9E34-92A9B39E6F15}"
EndProject
Project("{9A19103F-16F7-4668-BE54-9A1E7A4F7556}") = "Awdware.Led.Business.Implementation", "Awdware.Led.Business.Implementation\Awdware.Led.Business.Implementation.csproj", "{851D0400-DB91-4CE2-9211-C272038A265D}"
EndProject
Project("{9A19103F-16F7-4668-BE54-9A1E7A4F7556}") = "Awdware.Led.Data.Facade", "Awdware.Led.Data.Facade\Awdware.Led.Data.Facade.csproj", "{6AE07CA0-9A4E-409C-A626-3F6499EC9640}"
EndProject
Project("{9A19103F-16F7-4668-BE54-9A1E7A4F7556}") = "Awdware.Led.Data.Implementation", "Awdware.Led.Data.Implementation\Awdware.Led.Data.Implementation.csproj", "{DACD3FAD-F0AE-4748-848F-6BC069D19F51}"
EndProject
Project("{9A19103F-16F7-4668-BE54-9A1E7A4F7556}") = "Awdware.Led.Business.Facade", "Awdware.Led.Business.Facade\Awdware.Led.Business.Facade.csproj", "{B61B2254-7401-46A8-8C2B-C5D6C958A49F}"
EndProject
Project("{9A19103F-16F7-4668-BE54-9A1E7A4F7556}") = "Awdware.Led.Client", "Awdware.Led.Client\Awdware.Led.Client.csproj", "{6A221B4C-EC66-41D7-93B5-62BCBE7338A9}"
EndProject
Global
	GlobalSection(SolutionConfigurationPlatforms) = preSolution
		Debug|Any CPU = Debug|Any CPU
		Release|Any CPU = Release|Any CPU
	EndGlobalSection
	GlobalSection(ProjectConfigurationPlatforms) = postSolution
		{AD8F282D-016F-4FF3-9E34-92A9B39E6F15}.Debug|Any CPU.ActiveCfg = Debug|Any CPU
		{AD8F282D-016F-4FF3-9E34-92A9B39E6F15}.Debug|Any CPU.Build.0 = Debug|Any CPU
		{AD8F282D-016F-4FF3-9E34-92A9B39E6F15}.Release|Any CPU.ActiveCfg = Release|Any CPU
		{AD8F282D-016F-4FF3-9E34-92A9B39E6F15}.Release|Any CPU.Build.0 = Release|Any CPU
		{851D0400-DB91-4CE2-9211-C272038A265D}.Debug|Any CPU.ActiveCfg = Debug|Any CPU
		{851D0400-DB91-4CE2-9211-C272038A265D}.Debug|Any CPU.Build.0 = Debug|Any CPU
		{851D0400-DB91-4CE2-9211-C272038A265D}.Release|Any CPU.ActiveCfg = Release|Any CPU
		{851D0400-DB91-4CE2-9211-C272038A265D}.Release|Any CPU.Build.0 = Release|Any CPU
		{6AE07CA0-9A4E-409C-A626-3F6499EC9640}.Debug|Any CPU.ActiveCfg = Debug|Any CPU
		{6AE07CA0-9A4E-409C-A626-3F6499EC9640}.Debug|Any CPU.Build.0 = Debug|Any CPU
		{6AE07CA0-9A4E-409C-A626-3F6499EC9640}.Release|Any CPU.ActiveCfg = Release|Any CPU
		{6AE07CA0-9A4E-409C-A626-3F6499EC9640}.Release|Any CPU.Build.0 = Release|Any CPU
		{DACD3FAD-F0AE-4748-848F-6BC069D19F51}.Debug|Any CPU.ActiveCfg = Debug|Any CPU
		{DACD3FAD-F0AE-4748-848F-6BC069D19F51}.Debug|Any CPU.Build.0 = Debug|Any CPU
		{DACD3FAD-F0AE-4748-848F-6BC069D19F51}.Release|Any CPU.ActiveCfg = Release|Any CPU
		{DACD3FAD-F0AE-4748-848F-6BC069D19F51}.Release|Any CPU.Build.0 = Release|Any CPU
		{B61B2254-7401-46A8-8C2B-C5D6C958A49F}.Debug|Any CPU.ActiveCfg = Debug|Any CPU
		{B61B2254-7401-46A8-8C2B-C5D6C958A49F}.Debug|Any CPU.Build.0 = Debug|Any CPU
		{B61B2254-7401-46A8-8C2B-C5D6C958A49F}.Release|Any CPU.ActiveCfg = Release|Any CPU
		{B61B2254-7401-46A8-8C2B-C5D6C958A49F}.Release|Any CPU.Build.0 = Release|Any CPU
		{6A221B4C-EC66-41D7-93B5-62BCBE7338A9}.Debug|Any CPU.ActiveCfg = Debug|Any CPU
		{6A221B4C-EC66-41D7-93B5-62BCBE7338A9}.Debug|Any CPU.Build.0 = Debug|Any CPU
		{6A221B4C-EC66-41D7-93B5-62BCBE7338A9}.Release|Any CPU.ActiveCfg = Release|Any CPU
		{6A221B4C-EC66-41D7-93B5-62BCBE7338A9}.Release|Any CPU.Build.0 = Release|Any CPU
	EndGlobalSection
	GlobalSection(SolutionProperties) = preSolution
		HideSolutionNode = FALSE
	EndGlobalSection
	GlobalSection(ExtensibilityGlobals) = postSolution
		SolutionGuid = {216E63C7-9818-4732-B815-B04C27D3FE2E}
	EndGlobalSection
EndGlobal
